
Microsoft Visual Studio Solution File, Format Version 12.00
# Visual Studio 15
VisualStudioVersion = 15.0.28307.1169
MinimumVisualStudioVersion = 10.0.40219.1
Project("{FAE04EC0-301F-11D3-BF4B-00C04F79EFBC}") = "Examen_2_2", "Examen_2_2\Examen_2_2.csproj", "{16D1F9E5-FF03-4E20-BA9B-C040A709C217}"
EndProject
Global
	GlobalSection(SolutionConfigurationPlatforms) = preSolution
		Debug|Any CPU = Debug|Any CPU
		Release|Any CPU = Release|Any CPU
	EndGlobalSection
	GlobalSection(ProjectConfigurationPlatforms) = postSolution
		{16D1F9E5-FF03-4E20-BA9B-C040A709C217}.Debug|Any CPU.ActiveCfg = Debug|Any CPU
		{16D1F9E5-FF03-4E20-BA9B-C040A709C217}.Debug|Any CPU.Build.0 = Debug|Any CPU
		{16D1F9E5-FF03-4E20-BA9B-C040A709C217}.Release|Any CPU.ActiveCfg = Release|Any CPU
		{16D1F9E5-FF03-4E20-BA9B-C040A709C217}.Release|Any CPU.Build.0 = Release|Any CPU
	EndGlobalSection
	GlobalSection(SolutionProperties) = preSolution
		HideSolutionNode = FALSE
	EndGlobalSection
	GlobalSection(ExtensibilityGlobals) = postSolution
		SolutionGuid = {CB4710B4-6A4E-4711-AB49-52E44411E0F6}
	EndGlobalSection
EndGlobal
